// !$*UTF8*$!
{
	archiveVersion = 1;
	classes = {
	};
	objectVersion = 52;
	objects = {

/* Begin PBXBuildFile section */
		5024F496274A5B6C007B1B97 /* .swiflint.yml in Resources */ = {isa = PBXBuildFile; fileRef = 5024F495274A5B6C007B1B97 /* .swiflint.yml */; };
		503B1F25272E2D5F00A5D37F /* DependencyInjection.swift in Sources */ = {isa = PBXBuildFile; fileRef = 503B1F24272E2D5F00A5D37F /* DependencyInjection.swift */; };
		503B1F28272E2E9500A5D37F /* HomepageInteractor.swift in Sources */ = {isa = PBXBuildFile; fileRef = 503B1F27272E2E9500A5D37F /* HomepageInteractor.swift */; };
		503B1F2A272E32BD00A5D37F /* DetailFavInteractor.swift in Sources */ = {isa = PBXBuildFile; fileRef = 503B1F29272E32BD00A5D37F /* DetailFavInteractor.swift */; };
		503B1F2C272E34F800A5D37F /* DetailPageInteractor.swift in Sources */ = {isa = PBXBuildFile; fileRef = 503B1F2B272E34F800A5D37F /* DetailPageInteractor.swift */; };
		503B1F2E272E378300A5D37F /* FavouriteInteractor.swift in Sources */ = {isa = PBXBuildFile; fileRef = 503B1F2D272E378300A5D37F /* FavouriteInteractor.swift */; };
		503B1F30272E39CF00A5D37F /* SearchInteractor.swift in Sources */ = {isa = PBXBuildFile; fileRef = 503B1F2F272E39CF00A5D37F /* SearchInteractor.swift */; };
		503B1F37272E3EB700A5D37F /* DetailPageInteractorProtocol.swift in Sources */ = {isa = PBXBuildFile; fileRef = 503B1F36272E3EB700A5D37F /* DetailPageInteractorProtocol.swift */; };
		503B1F39272E3ED100A5D37F /* SearchInteractorProtocol.swift in Sources */ = {isa = PBXBuildFile; fileRef = 503B1F38272E3ED100A5D37F /* SearchInteractorProtocol.swift */; };
		503B1F3B272E3EEE00A5D37F /* FavouriteInteactorProtocol.swift in Sources */ = {isa = PBXBuildFile; fileRef = 503B1F3A272E3EEE00A5D37F /* FavouriteInteactorProtocol.swift */; };
		503B1F3D272E3F0B00A5D37F /* DetailFavInteractorProtocol.swift in Sources */ = {isa = PBXBuildFile; fileRef = 503B1F3C272E3F0B00A5D37F /* DetailFavInteractorProtocol.swift */; };
		503B1F3F272E3F3200A5D37F /* HomePageInteractorProtocol.swift in Sources */ = {isa = PBXBuildFile; fileRef = 503B1F3E272E3F3200A5D37F /* HomePageInteractorProtocol.swift */; };
		5043B0682728F1040024AB57 /* SearchProtocol.swift in Sources */ = {isa = PBXBuildFile; fileRef = 5043B0672728F1040024AB57 /* SearchProtocol.swift */; };
		5043B06C2728FB7A0024AB57 /* GameProtocol.swift in Sources */ = {isa = PBXBuildFile; fileRef = 5043B06B2728FB7A0024AB57 /* GameProtocol.swift */; };
		5043B06E2728FBA30024AB57 /* LocalRepoProtocol.swift in Sources */ = {isa = PBXBuildFile; fileRef = 5043B06D2728FBA30024AB57 /* LocalRepoProtocol.swift */; };
		50A29C67273A0B460092CF45 /* FavouriteRouter.swift in Sources */ = {isa = PBXBuildFile; fileRef = 50A29C66273A0B460092CF45 /* FavouriteRouter.swift */; };
		50A29C69273AA0A50092CF45 /* DetailFavouriteRouter.swift in Sources */ = {isa = PBXBuildFile; fileRef = 50A29C68273AA0A50092CF45 /* DetailFavouriteRouter.swift */; };
		50A29C6B273AA4270092CF45 /* SearchViewRouter.swift in Sources */ = {isa = PBXBuildFile; fileRef = 50A29C6A273AA4270092CF45 /* SearchViewRouter.swift */; };
		50A29C7C273AAA540092CF45 /* HomePageViewModelProtocol.swift in Sources */ = {isa = PBXBuildFile; fileRef = 50A29C6E273AAA540092CF45 /* HomePageViewModelProtocol.swift */; };
		50A29C7D273AAA540092CF45 /* HomepageViewModel.swift in Sources */ = {isa = PBXBuildFile; fileRef = 50A29C6F273AAA540092CF45 /* HomepageViewModel.swift */; };
		50A29C7E273AAA540092CF45 /* SearchViewModel.swift in Sources */ = {isa = PBXBuildFile; fileRef = 50A29C71273AAA540092CF45 /* SearchViewModel.swift */; };
		50A29C7F273AAA540092CF45 /* SearchViewModelProtocol.swift in Sources */ = {isa = PBXBuildFile; fileRef = 50A29C72273AAA540092CF45 /* SearchViewModelProtocol.swift */; };
		50A29C80273AAA540092CF45 /* DetailFavViewModelProtocol.swift in Sources */ = {isa = PBXBuildFile; fileRef = 50A29C74273AAA540092CF45 /* DetailFavViewModelProtocol.swift */; };
		50A29C81273AAA540092CF45 /* DetailFavViewModel.swift in Sources */ = {isa = PBXBuildFile; fileRef = 50A29C75273AAA540092CF45 /* DetailFavViewModel.swift */; };
		50A29C82273AAA540092CF45 /* FavouriteViewModel.swift in Sources */ = {isa = PBXBuildFile; fileRef = 50A29C77273AAA540092CF45 /* FavouriteViewModel.swift */; };
		50A29C83273AAA540092CF45 /* FavouriteViewModelProtocol.swift in Sources */ = {isa = PBXBuildFile; fileRef = 50A29C78273AAA540092CF45 /* FavouriteViewModelProtocol.swift */; };
		50A29C84273AAA540092CF45 /* DetailPageViewModel.swift in Sources */ = {isa = PBXBuildFile; fileRef = 50A29C7A273AAA540092CF45 /* DetailPageViewModel.swift */; };
		50A29C85273AAA540092CF45 /* DetailPageViewModelProtocol.swift in Sources */ = {isa = PBXBuildFile; fileRef = 50A29C7B273AAA540092CF45 /* DetailPageViewModelProtocol.swift */; };
		50AFF04F274F8E790051E2DA /* SearchModelUI.swift in Sources */ = {isa = PBXBuildFile; fileRef = 50AFF04E274F8E790051E2DA /* SearchModelUI.swift */; };
		50C0DA8626CBA4E100FB94A1 /* Game.xcdatamodeld in Sources */ = {isa = PBXBuildFile; fileRef = 50C0DA8426CBA4E100FB94A1 /* Game.xcdatamodeld */; };
		50C0DA8C26CBA6F300FB94A1 /* CoreDataService.swift in Sources */ = {isa = PBXBuildFile; fileRef = 50C0DA8B26CBA6F300FB94A1 /* CoreDataService.swift */; };
		50C0DA8E26CBA79B00FB94A1 /* FavouriteViewController.swift in Sources */ = {isa = PBXBuildFile; fileRef = 50C0DA8D26CBA79B00FB94A1 /* FavouriteViewController.swift */; };
		50C0DA9026CBA83200FB94A1 /* FavouriteCollectionViewCell.swift in Sources */ = {isa = PBXBuildFile; fileRef = 50C0DA8F26CBA83200FB94A1 /* FavouriteCollectionViewCell.swift */; };
		50C0DA9226CBAC1C00FB94A1 /* FavouriteModel.swift in Sources */ = {isa = PBXBuildFile; fileRef = 50C0DA9126CBAC1C00FB94A1 /* FavouriteModel.swift */; };
		50C0DA9626CBCA0700FB94A1 /* SearchService.swift in Sources */ = {isa = PBXBuildFile; fileRef = 50C0DA9526CBCA0700FB94A1 /* SearchService.swift */; };
		50C0DA9826CBD78C00FB94A1 /* DetailModel.swift in Sources */ = {isa = PBXBuildFile; fileRef = 50C0DA9726CBD78C00FB94A1 /* DetailModel.swift */; };
		50C0DA9A26CBD86900FB94A1 /* DetailFavViewController.swift in Sources */ = {isa = PBXBuildFile; fileRef = 50C0DA9926CBD86900FB94A1 /* DetailFavViewController.swift */; };
		50C0DA9E26CBE08600FB94A1 /* AvailFavCollectionViewCell.swift in Sources */ = {isa = PBXBuildFile; fileRef = 50C0DA9D26CBE08600FB94A1 /* AvailFavCollectionViewCell.swift */; };
		50D5DA9B26BFFE0300499E56 /* AppDelegate.swift in Sources */ = {isa = PBXBuildFile; fileRef = 50D5DA9A26BFFE0300499E56 /* AppDelegate.swift */; };
		50D5DA9D26BFFE0300499E56 /* SceneDelegate.swift in Sources */ = {isa = PBXBuildFile; fileRef = 50D5DA9C26BFFE0300499E56 /* SceneDelegate.swift */; };
		50D5DA9F26BFFE0300499E56 /* ViewController.swift in Sources */ = {isa = PBXBuildFile; fileRef = 50D5DA9E26BFFE0300499E56 /* ViewController.swift */; };
		50D5DAA226BFFE0300499E56 /* Main.storyboard in Resources */ = {isa = PBXBuildFile; fileRef = 50D5DAA026BFFE0300499E56 /* Main.storyboard */; };
		50D5DAA426BFFE0500499E56 /* Assets.xcassets in Resources */ = {isa = PBXBuildFile; fileRef = 50D5DAA326BFFE0500499E56 /* Assets.xcassets */; };
		50D5DAA726BFFE0500499E56 /* LaunchScreen.storyboard in Resources */ = {isa = PBXBuildFile; fileRef = 50D5DAA526BFFE0500499E56 /* LaunchScreen.storyboard */; };
		50D5DAB226BFFF2B00499E56 /* GameModel.swift in Sources */ = {isa = PBXBuildFile; fileRef = 50D5DAB126BFFF2B00499E56 /* GameModel.swift */; };
		50D5DAB726C0000000499E56 /* GameApiFetch.swift in Sources */ = {isa = PBXBuildFile; fileRef = 50D5DAB626C0000000499E56 /* GameApiFetch.swift */; };
		50D5DAB926C0001700499E56 /* Constant.swift in Sources */ = {isa = PBXBuildFile; fileRef = 50D5DAB826C0001700499E56 /* Constant.swift */; };
		50D5DAC126C005CA00499E56 /* DicodingCatalogGameTests.swift in Sources */ = {isa = PBXBuildFile; fileRef = 50D5DAC026C005CA00499E56 /* DicodingCatalogGameTests.swift */; };
		50D5DACA26C00C1C00499E56 /* HomepageCollectionViewCell.swift in Sources */ = {isa = PBXBuildFile; fileRef = 50D5DAC926C00C1C00499E56 /* HomepageCollectionViewCell.swift */; };
		50D5DACD26C00FCA00499E56 /* AlamofireImage in Frameworks */ = {isa = PBXBuildFile; productRef = 50D5DACC26C00FCA00499E56 /* AlamofireImage */; };
		50D5DACF26C0C9D900499E56 /* ProfilViewController.swift in Sources */ = {isa = PBXBuildFile; fileRef = 50D5DACE26C0C9D900499E56 /* ProfilViewController.swift */; };
		50D5DAD126C0CC3E00499E56 /* GithubViewController.swift in Sources */ = {isa = PBXBuildFile; fileRef = 50D5DAD026C0CC3E00499E56 /* GithubViewController.swift */; };
		50D5DAD326C0DCD700499E56 /* SearchViewController.swift in Sources */ = {isa = PBXBuildFile; fileRef = 50D5DAD226C0DCD700499E56 /* SearchViewController.swift */; };
		50D5DAD726C0F2E000499E56 /* SearchCollectionViewCell.swift in Sources */ = {isa = PBXBuildFile; fileRef = 50D5DAD626C0F2E000499E56 /* SearchCollectionViewCell.swift */; };
		50D5DAD926C12CEF00499E56 /* DetailViewController.swift in Sources */ = {isa = PBXBuildFile; fileRef = 50D5DAD826C12CEF00499E56 /* DetailViewController.swift */; };
		50D5DADB26C1442100499E56 /* ScreenshotCollectionViewCell.swift in Sources */ = {isa = PBXBuildFile; fileRef = 50D5DADA26C1442100499E56 /* ScreenshotCollectionViewCell.swift */; };
		50D5DADE26C17E6300499E56 /* AvailableOnCollectionViewCell.swift in Sources */ = {isa = PBXBuildFile; fileRef = 50D5DADD26C17E6300499E56 /* AvailableOnCollectionViewCell.swift */; };
		50D9967E2737F3BA00E6C50A /* Swinject in Frameworks */ = {isa = PBXBuildFile; productRef = 50D9967D2737F3BA00E6C50A /* Swinject */; };
		50D996812737F49900E6C50A /* SwinjectStoryboard in Frameworks */ = {isa = PBXBuildFile; productRef = 50D996802737F49900E6C50A /* SwinjectStoryboard */; };
		50D99684273807D900E6C50A /* HomepageRouter.swift in Sources */ = {isa = PBXBuildFile; fileRef = 50D99683273807D900E6C50A /* HomepageRouter.swift */; };
		50FEEAF0273F5F8E0041D532 /* GameModelInteractor.swift in Sources */ = {isa = PBXBuildFile; fileRef = 50FEEAEF273F5F8E0041D532 /* GameModelInteractor.swift */; };
		50FEEAF3273F5FF20041D532 /* GameModelMapper.swift in Sources */ = {isa = PBXBuildFile; fileRef = 50FEEAF2273F5FF20041D532 /* GameModelMapper.swift */; };
		50FEEAF5273F63520041D532 /* FavouriteModelInteractor.swift in Sources */ = {isa = PBXBuildFile; fileRef = 50FEEAF4273F63520041D532 /* FavouriteModelInteractor.swift */; };
		50FEEAF7273F636C0041D532 /* FavouriteModelMapper.swift in Sources */ = {isa = PBXBuildFile; fileRef = 50FEEAF6273F636C0041D532 /* FavouriteModelMapper.swift */; };
		50FEEAF9273F64D70041D532 /* DetailModelInteractor.swift in Sources */ = {isa = PBXBuildFile; fileRef = 50FEEAF8273F64D70041D532 /* DetailModelInteractor.swift */; };
		50FEEAFB273F64F60041D532 /* DetailModelMapper.swift in Sources */ = {isa = PBXBuildFile; fileRef = 50FEEAFA273F64F60041D532 /* DetailModelMapper.swift */; };
		50FEEAFF273F68230041D532 /* DetailModelUI.swift in Sources */ = {isa = PBXBuildFile; fileRef = 50FEEAFE273F68230041D532 /* DetailModelUI.swift */; };
		50FEEB01273F69E40041D532 /* ResultModelUi.swift in Sources */ = {isa = PBXBuildFile; fileRef = 50FEEB00273F69E40041D532 /* ResultModelUi.swift */; };
		50FEEB03273F6A2D0041D532 /* ResultModelMapper.swift in Sources */ = {isa = PBXBuildFile; fileRef = 50FEEB02273F6A2D0041D532 /* ResultModelMapper.swift */; };
		50FEEB05273F6BF60041D532 /* FavouriteModelUI.swift in Sources */ = {isa = PBXBuildFile; fileRef = 50FEEB04273F6BF60041D532 /* FavouriteModelUI.swift */; };
		50FEEB07273F6DA80041D532 /* GameModelUI.swift in Sources */ = {isa = PBXBuildFile; fileRef = 50FEEB06273F6DA80041D532 /* GameModelUI.swift */; };
/* End PBXBuildFile section */

/* Begin PBXContainerItemProxy section */
		50D5DAC326C005CA00499E56 /* PBXContainerItemProxy */ = {
			isa = PBXContainerItemProxy;
			containerPortal = 50D5DA8F26BFFE0300499E56 /* Project object */;
			proxyType = 1;
			remoteGlobalIDString = 50D5DA9626BFFE0300499E56;
			remoteInfo = DicodingCatalogGame;
		};
/* End PBXContainerItemProxy section */

/* Begin PBXFileReference section */
		5024F495274A5B6C007B1B97 /* .swiflint.yml */ = {isa = PBXFileReference; lastKnownFileType = text.yaml; path = .swiflint.yml; sourceTree = "<group>"; };
		503B1F24272E2D5F00A5D37F /* DependencyInjection.swift */ = {isa = PBXFileReference; lastKnownFileType = sourcecode.swift; path = DependencyInjection.swift; sourceTree = "<group>"; };
		503B1F27272E2E9500A5D37F /* HomepageInteractor.swift */ = {isa = PBXFileReference; lastKnownFileType = sourcecode.swift; path = HomepageInteractor.swift; sourceTree = "<group>"; };
		503B1F29272E32BD00A5D37F /* DetailFavInteractor.swift */ = {isa = PBXFileReference; lastKnownFileType = sourcecode.swift; path = DetailFavInteractor.swift; sourceTree = "<group>"; };
		503B1F2B272E34F800A5D37F /* DetailPageInteractor.swift */ = {isa = PBXFileReference; lastKnownFileType = sourcecode.swift; path = DetailPageInteractor.swift; sourceTree = "<group>"; };
		503B1F2D272E378300A5D37F /* FavouriteInteractor.swift */ = {isa = PBXFileReference; lastKnownFileType = sourcecode.swift; path = FavouriteInteractor.swift; sourceTree = "<group>"; };
		503B1F2F272E39CF00A5D37F /* SearchInteractor.swift */ = {isa = PBXFileReference; lastKnownFileType = sourcecode.swift; path = SearchInteractor.swift; sourceTree = "<group>"; };
		503B1F36272E3EB700A5D37F /* DetailPageInteractorProtocol.swift */ = {isa = PBXFileReference; lastKnownFileType = sourcecode.swift; path = DetailPageInteractorProtocol.swift; sourceTree = "<group>"; };
		503B1F38272E3ED100A5D37F /* SearchInteractorProtocol.swift */ = {isa = PBXFileReference; lastKnownFileType = sourcecode.swift; path = SearchInteractorProtocol.swift; sourceTree = "<group>"; };
		503B1F3A272E3EEE00A5D37F /* FavouriteInteactorProtocol.swift */ = {isa = PBXFileReference; lastKnownFileType = sourcecode.swift; path = FavouriteInteactorProtocol.swift; sourceTree = "<group>"; };
		503B1F3C272E3F0B00A5D37F /* DetailFavInteractorProtocol.swift */ = {isa = PBXFileReference; lastKnownFileType = sourcecode.swift; path = DetailFavInteractorProtocol.swift; sourceTree = "<group>"; };
		503B1F3E272E3F3200A5D37F /* HomePageInteractorProtocol.swift */ = {isa = PBXFileReference; lastKnownFileType = sourcecode.swift; path = HomePageInteractorProtocol.swift; sourceTree = "<group>"; };
		5043B0672728F1040024AB57 /* SearchProtocol.swift */ = {isa = PBXFileReference; lastKnownFileType = sourcecode.swift; path = SearchProtocol.swift; sourceTree = "<group>"; };
		5043B06B2728FB7A0024AB57 /* GameProtocol.swift */ = {isa = PBXFileReference; lastKnownFileType = sourcecode.swift; path = GameProtocol.swift; sourceTree = "<group>"; };
		5043B06D2728FBA30024AB57 /* LocalRepoProtocol.swift */ = {isa = PBXFileReference; lastKnownFileType = sourcecode.swift; path = LocalRepoProtocol.swift; sourceTree = "<group>"; };
		50A29C66273A0B460092CF45 /* FavouriteRouter.swift */ = {isa = PBXFileReference; lastKnownFileType = sourcecode.swift; path = FavouriteRouter.swift; sourceTree = "<group>"; };
		50A29C68273AA0A50092CF45 /* DetailFavouriteRouter.swift */ = {isa = PBXFileReference; lastKnownFileType = sourcecode.swift; path = DetailFavouriteRouter.swift; sourceTree = "<group>"; };
		50A29C6A273AA4270092CF45 /* SearchViewRouter.swift */ = {isa = PBXFileReference; lastKnownFileType = sourcecode.swift; path = SearchViewRouter.swift; sourceTree = "<group>"; };
		50A29C6E273AAA540092CF45 /* HomePageViewModelProtocol.swift */ = {isa = PBXFileReference; fileEncoding = 4; lastKnownFileType = sourcecode.swift; path = HomePageViewModelProtocol.swift; sourceTree = "<group>"; };
		50A29C6F273AAA540092CF45 /* HomepageViewModel.swift */ = {isa = PBXFileReference; fileEncoding = 4; lastKnownFileType = sourcecode.swift; path = HomepageViewModel.swift; sourceTree = "<group>"; };
		50A29C71273AAA540092CF45 /* SearchViewModel.swift */ = {isa = PBXFileReference; fileEncoding = 4; lastKnownFileType = sourcecode.swift; path = SearchViewModel.swift; sourceTree = "<group>"; };
		50A29C72273AAA540092CF45 /* SearchViewModelProtocol.swift */ = {isa = PBXFileReference; fileEncoding = 4; lastKnownFileType = sourcecode.swift; path = SearchViewModelProtocol.swift; sourceTree = "<group>"; };
		50A29C74273AAA540092CF45 /* DetailFavViewModelProtocol.swift */ = {isa = PBXFileReference; fileEncoding = 4; lastKnownFileType = sourcecode.swift; path = DetailFavViewModelProtocol.swift; sourceTree = "<group>"; };
		50A29C75273AAA540092CF45 /* DetailFavViewModel.swift */ = {isa = PBXFileReference; fileEncoding = 4; lastKnownFileType = sourcecode.swift; path = DetailFavViewModel.swift; sourceTree = "<group>"; };
		50A29C77273AAA540092CF45 /* FavouriteViewModel.swift */ = {isa = PBXFileReference; fileEncoding = 4; lastKnownFileType = sourcecode.swift; path = FavouriteViewModel.swift; sourceTree = "<group>"; };
		50A29C78273AAA540092CF45 /* FavouriteViewModelProtocol.swift */ = {isa = PBXFileReference; fileEncoding = 4; lastKnownFileType = sourcecode.swift; path = FavouriteViewModelProtocol.swift; sourceTree = "<group>"; };
		50A29C7A273AAA540092CF45 /* DetailPageViewModel.swift */ = {isa = PBXFileReference; fileEncoding = 4; lastKnownFileType = sourcecode.swift; path = DetailPageViewModel.swift; sourceTree = "<group>"; };
		50A29C7B273AAA540092CF45 /* DetailPageViewModelProtocol.swift */ = {isa = PBXFileReference; fileEncoding = 4; lastKnownFileType = sourcecode.swift; path = DetailPageViewModelProtocol.swift; sourceTree = "<group>"; };
		50AFF04E274F8E790051E2DA /* SearchModelUI.swift */ = {isa = PBXFileReference; lastKnownFileType = sourcecode.swift; path = SearchModelUI.swift; sourceTree = "<group>"; };
		50C0DA8526CBA4E100FB94A1 /* Game.xcdatamodel */ = {isa = PBXFileReference; lastKnownFileType = wrapper.xcdatamodel; path = Game.xcdatamodel; sourceTree = "<group>"; };
		50C0DA8B26CBA6F300FB94A1 /* CoreDataService.swift */ = {isa = PBXFileReference; lastKnownFileType = sourcecode.swift; path = CoreDataService.swift; sourceTree = "<group>"; };
		50C0DA8D26CBA79B00FB94A1 /* FavouriteViewController.swift */ = {isa = PBXFileReference; lastKnownFileType = sourcecode.swift; path = FavouriteViewController.swift; sourceTree = "<group>"; };
		50C0DA8F26CBA83200FB94A1 /* FavouriteCollectionViewCell.swift */ = {isa = PBXFileReference; lastKnownFileType = sourcecode.swift; path = FavouriteCollectionViewCell.swift; sourceTree = "<group>"; };
		50C0DA9126CBAC1C00FB94A1 /* FavouriteModel.swift */ = {isa = PBXFileReference; lastKnownFileType = sourcecode.swift; path = FavouriteModel.swift; sourceTree = "<group>"; };
		50C0DA9526CBCA0700FB94A1 /* SearchService.swift */ = {isa = PBXFileReference; lastKnownFileType = sourcecode.swift; path = SearchService.swift; sourceTree = "<group>"; };
		50C0DA9726CBD78C00FB94A1 /* DetailModel.swift */ = {isa = PBXFileReference; lastKnownFileType = sourcecode.swift; path = DetailModel.swift; sourceTree = "<group>"; };
		50C0DA9926CBD86900FB94A1 /* DetailFavViewController.swift */ = {isa = PBXFileReference; lastKnownFileType = sourcecode.swift; path = DetailFavViewController.swift; sourceTree = "<group>"; };
		50C0DA9D26CBE08600FB94A1 /* AvailFavCollectionViewCell.swift */ = {isa = PBXFileReference; lastKnownFileType = sourcecode.swift; path = AvailFavCollectionViewCell.swift; sourceTree = "<group>"; };
		50D5DA9726BFFE0300499E56 /* DicodingCatalogGame.app */ = {isa = PBXFileReference; explicitFileType = wrapper.application; includeInIndex = 0; path = DicodingCatalogGame.app; sourceTree = BUILT_PRODUCTS_DIR; };
		50D5DA9A26BFFE0300499E56 /* AppDelegate.swift */ = {isa = PBXFileReference; lastKnownFileType = sourcecode.swift; path = AppDelegate.swift; sourceTree = "<group>"; };
		50D5DA9C26BFFE0300499E56 /* SceneDelegate.swift */ = {isa = PBXFileReference; lastKnownFileType = sourcecode.swift; path = SceneDelegate.swift; sourceTree = "<group>"; };
		50D5DA9E26BFFE0300499E56 /* ViewController.swift */ = {isa = PBXFileReference; lastKnownFileType = sourcecode.swift; path = ViewController.swift; sourceTree = "<group>"; };
		50D5DAA126BFFE0300499E56 /* Base */ = {isa = PBXFileReference; lastKnownFileType = file.storyboard; name = Base; path = Base.lproj/Main.storyboard; sourceTree = "<group>"; };
		50D5DAA326BFFE0500499E56 /* Assets.xcassets */ = {isa = PBXFileReference; lastKnownFileType = folder.assetcatalog; path = Assets.xcassets; sourceTree = "<group>"; };
		50D5DAA626BFFE0500499E56 /* Base */ = {isa = PBXFileReference; lastKnownFileType = file.storyboard; name = Base; path = Base.lproj/LaunchScreen.storyboard; sourceTree = "<group>"; };
		50D5DAA826BFFE0500499E56 /* Info.plist */ = {isa = PBXFileReference; lastKnownFileType = text.plist.xml; path = Info.plist; sourceTree = "<group>"; };
		50D5DAB126BFFF2B00499E56 /* GameModel.swift */ = {isa = PBXFileReference; lastKnownFileType = sourcecode.swift; path = GameModel.swift; sourceTree = "<group>"; };
		50D5DAB626C0000000499E56 /* GameApiFetch.swift */ = {isa = PBXFileReference; lastKnownFileType = sourcecode.swift; path = GameApiFetch.swift; sourceTree = "<group>"; };
		50D5DAB826C0001700499E56 /* Constant.swift */ = {isa = PBXFileReference; lastKnownFileType = sourcecode.swift; path = Constant.swift; sourceTree = "<group>"; };
		50D5DABE26C005CA00499E56 /* DicodingCatalogGameTests.xctest */ = {isa = PBXFileReference; explicitFileType = wrapper.cfbundle; includeInIndex = 0; path = DicodingCatalogGameTests.xctest; sourceTree = BUILT_PRODUCTS_DIR; };
		50D5DAC026C005CA00499E56 /* DicodingCatalogGameTests.swift */ = {isa = PBXFileReference; lastKnownFileType = sourcecode.swift; path = DicodingCatalogGameTests.swift; sourceTree = "<group>"; };
		50D5DAC226C005CA00499E56 /* Info.plist */ = {isa = PBXFileReference; lastKnownFileType = text.plist.xml; path = Info.plist; sourceTree = "<group>"; };
		50D5DAC926C00C1C00499E56 /* HomepageCollectionViewCell.swift */ = {isa = PBXFileReference; lastKnownFileType = sourcecode.swift; path = HomepageCollectionViewCell.swift; sourceTree = "<group>"; };
		50D5DACE26C0C9D900499E56 /* ProfilViewController.swift */ = {isa = PBXFileReference; lastKnownFileType = sourcecode.swift; path = ProfilViewController.swift; sourceTree = "<group>"; };
		50D5DAD026C0CC3E00499E56 /* GithubViewController.swift */ = {isa = PBXFileReference; lastKnownFileType = sourcecode.swift; path = GithubViewController.swift; sourceTree = "<group>"; };
		50D5DAD226C0DCD700499E56 /* SearchViewController.swift */ = {isa = PBXFileReference; lastKnownFileType = sourcecode.swift; path = SearchViewController.swift; sourceTree = "<group>"; };
		50D5DAD626C0F2E000499E56 /* SearchCollectionViewCell.swift */ = {isa = PBXFileReference; lastKnownFileType = sourcecode.swift; path = SearchCollectionViewCell.swift; sourceTree = "<group>"; };
		50D5DAD826C12CEF00499E56 /* DetailViewController.swift */ = {isa = PBXFileReference; lastKnownFileType = sourcecode.swift; path = DetailViewController.swift; sourceTree = "<group>"; };
		50D5DADA26C1442100499E56 /* ScreenshotCollectionViewCell.swift */ = {isa = PBXFileReference; lastKnownFileType = sourcecode.swift; path = ScreenshotCollectionViewCell.swift; sourceTree = "<group>"; };
		50D5DADD26C17E6300499E56 /* AvailableOnCollectionViewCell.swift */ = {isa = PBXFileReference; lastKnownFileType = sourcecode.swift; path = AvailableOnCollectionViewCell.swift; sourceTree = "<group>"; };
		50D99683273807D900E6C50A /* HomepageRouter.swift */ = {isa = PBXFileReference; lastKnownFileType = sourcecode.swift; path = HomepageRouter.swift; sourceTree = "<group>"; };
		50FEEAEF273F5F8E0041D532 /* GameModelInteractor.swift */ = {isa = PBXFileReference; lastKnownFileType = sourcecode.swift; path = GameModelInteractor.swift; sourceTree = "<group>"; };
		50FEEAF2273F5FF20041D532 /* GameModelMapper.swift */ = {isa = PBXFileReference; lastKnownFileType = sourcecode.swift; path = GameModelMapper.swift; sourceTree = "<group>"; };
		50FEEAF4273F63520041D532 /* FavouriteModelInteractor.swift */ = {isa = PBXFileReference; lastKnownFileType = sourcecode.swift; path = FavouriteModelInteractor.swift; sourceTree = "<group>"; };
		50FEEAF6273F636C0041D532 /* FavouriteModelMapper.swift */ = {isa = PBXFileReference; lastKnownFileType = sourcecode.swift; path = FavouriteModelMapper.swift; sourceTree = "<group>"; };
		50FEEAF8273F64D70041D532 /* DetailModelInteractor.swift */ = {isa = PBXFileReference; lastKnownFileType = sourcecode.swift; path = DetailModelInteractor.swift; sourceTree = "<group>"; };
		50FEEAFA273F64F60041D532 /* DetailModelMapper.swift */ = {isa = PBXFileReference; lastKnownFileType = sourcecode.swift; path = DetailModelMapper.swift; sourceTree = "<group>"; };
		50FEEAFE273F68230041D532 /* DetailModelUI.swift */ = {isa = PBXFileReference; lastKnownFileType = sourcecode.swift; path = DetailModelUI.swift; sourceTree = "<group>"; };
		50FEEB00273F69E40041D532 /* ResultModelUi.swift */ = {isa = PBXFileReference; lastKnownFileType = sourcecode.swift; path = ResultModelUi.swift; sourceTree = "<group>"; };
		50FEEB02273F6A2D0041D532 /* ResultModelMapper.swift */ = {isa = PBXFileReference; lastKnownFileType = sourcecode.swift; path = ResultModelMapper.swift; sourceTree = "<group>"; };
		50FEEB04273F6BF60041D532 /* FavouriteModelUI.swift */ = {isa = PBXFileReference; lastKnownFileType = sourcecode.swift; path = FavouriteModelUI.swift; sourceTree = "<group>"; };
		50FEEB06273F6DA80041D532 /* GameModelUI.swift */ = {isa = PBXFileReference; lastKnownFileType = sourcecode.swift; path = GameModelUI.swift; sourceTree = "<group>"; };
/* End PBXFileReference section */

/* Begin PBXFrameworksBuildPhase section */
		50D5DA9426BFFE0300499E56 /* Frameworks */ = {
			isa = PBXFrameworksBuildPhase;
			buildActionMask = 2147483647;
			files = (
				50D5DACD26C00FCA00499E56 /* AlamofireImage in Frameworks */,
				50D996812737F49900E6C50A /* SwinjectStoryboard in Frameworks */,
				50D9967E2737F3BA00E6C50A /* Swinject in Frameworks */,
			);
			runOnlyForDeploymentPostprocessing = 0;
		};
		50D5DABB26C005CA00499E56 /* Frameworks */ = {
			isa = PBXFrameworksBuildPhase;
			buildActionMask = 2147483647;
			files = (
			);
			runOnlyForDeploymentPostprocessing = 0;
		};
/* End PBXFrameworksBuildPhase section */

/* Begin PBXGroup section */
		503B1F26272E2E8500A5D37F /* Interactor */ = {
			isa = PBXGroup;
			children = (
				50FEEAEE273F5F7A0041D532 /* InteractorModel */,
				503B1F35272E3E9600A5D37F /* DetailPage */,
				503B1F34272E3E8D00A5D37F /* Search */,
				503B1F33272E3E7D00A5D37F /* Favourite */,
				503B1F32272E3E7200A5D37F /* DetailFav */,
				503B1F31272E3E6600A5D37F /* Homepage */,
			);
			path = Interactor;
			sourceTree = "<group>";
		};
		503B1F31272E3E6600A5D37F /* Homepage */ = {
			isa = PBXGroup;
			children = (
				503B1F27272E2E9500A5D37F /* HomepageInteractor.swift */,
				503B1F3E272E3F3200A5D37F /* HomePageInteractorProtocol.swift */,
			);
			path = Homepage;
			sourceTree = "<group>";
		};
		503B1F32272E3E7200A5D37F /* DetailFav */ = {
			isa = PBXGroup;
			children = (
				503B1F29272E32BD00A5D37F /* DetailFavInteractor.swift */,
				503B1F3C272E3F0B00A5D37F /* DetailFavInteractorProtocol.swift */,
			);
			path = DetailFav;
			sourceTree = "<group>";
		};
		503B1F33272E3E7D00A5D37F /* Favourite */ = {
			isa = PBXGroup;
			children = (
				503B1F2D272E378300A5D37F /* FavouriteInteractor.swift */,
				503B1F3A272E3EEE00A5D37F /* FavouriteInteactorProtocol.swift */,
			);
			path = Favourite;
			sourceTree = "<group>";
		};
		503B1F34272E3E8D00A5D37F /* Search */ = {
			isa = PBXGroup;
			children = (
				503B1F2F272E39CF00A5D37F /* SearchInteractor.swift */,
				503B1F38272E3ED100A5D37F /* SearchInteractorProtocol.swift */,
			);
			path = Search;
			sourceTree = "<group>";
		};
		503B1F35272E3E9600A5D37F /* DetailPage */ = {
			isa = PBXGroup;
			children = (
				503B1F2B272E34F800A5D37F /* DetailPageInteractor.swift */,
				503B1F36272E3EB700A5D37F /* DetailPageInteractorProtocol.swift */,
			);
			path = DetailPage;
			sourceTree = "<group>";
		};
		503B1F51272E405F00A5D37F /* DependencyInject */ = {
			isa = PBXGroup;
			children = (
				503B1F24272E2D5F00A5D37F /* DependencyInjection.swift */,
			);
			path = DependencyInject;
			sourceTree = "<group>";
		};
		5043B0662728F0F50024AB57 /* Protocol */ = {
			isa = PBXGroup;
			children = (
				50FEEB00273F69E40041D532 /* ResultModelUi.swift */,
				5043B0672728F1040024AB57 /* SearchProtocol.swift */,
				5043B06B2728FB7A0024AB57 /* GameProtocol.swift */,
				5043B06D2728FBA30024AB57 /* LocalRepoProtocol.swift */,
			);
			path = Protocol;
			sourceTree = "<group>";
		};
		50559C282750C9E500776FA7 /* WebView */ = {
			isa = PBXGroup;
			children = (
				50559C292750C9F500776FA7 /* View */,
			);
			path = WebView;
			sourceTree = "<group>";
		};
		50559C292750C9F500776FA7 /* View */ = {
			isa = PBXGroup;
			children = (
				50D5DAD026C0CC3E00499E56 /* GithubViewController.swift */,
			);
			path = View;
			sourceTree = "<group>";
		};
		50AFF03B274F72C40051E2DA /* Core */ = {
			isa = PBXGroup;
			children = (
				50FEEAF1273F5FE00041D532 /* Mapper */,
				50D5DAAF26BFFEB300499E56 /* Model */,
				503B1F51272E405F00A5D37F /* DependencyInject */,
				503B1F26272E2E8500A5D37F /* Interactor */,
				50D5DAAE26BFFEAC00499E56 /* Service */,
			);
			path = Core;
			sourceTree = "<group>";
		};
		50AFF03C274F72CC0051E2DA /* Homepage */ = {
			isa = PBXGroup;
			children = (
				50AFF04B274F7E540051E2DA /* Model */,
				50AFF047274F7A4B0051E2DA /* Router */,
				50AFF046274F7A3F0051E2DA /* View */,
				50AFF045274F7A370051E2DA /* Presenter */,
			);
			path = Homepage;
			sourceTree = "<group>";
		};
		50AFF03D274F79310051E2DA /* Module */ = {
			isa = PBXGroup;
			children = (
				50559C282750C9E500776FA7 /* WebView */,
				50AFF051274F95DD0051E2DA /* Profile */,
				50AFF03F274F79A10051E2DA /* Search */,
				50AFF03E274F793E0051E2DA /* Favourite */,
				50AFF03C274F72CC0051E2DA /* Homepage */,
			);
			path = Module;
			sourceTree = "<group>";
		};
		50AFF03E274F793E0051E2DA /* Favourite */ = {
			isa = PBXGroup;
			children = (
				50AFF048274F7AEC0051E2DA /* Model */,
				50AFF042274F79DE0051E2DA /* View */,
				50AFF041274F79D50051E2DA /* Router */,
				50AFF040274F79C50051E2DA /* Presenter */,
			);
			path = Favourite;
			sourceTree = "<group>";
		};
		50AFF03F274F79A10051E2DA /* Search */ = {
			isa = PBXGroup;
			children = (
				50AFF04D274F7FED0051E2DA /* Router */,
				50AFF04C274F7F170051E2DA /* Model */,
				50AFF044274F7A270051E2DA /* Presenter */,
				50AFF043274F7A210051E2DA /* View */,
			);
			path = Search;
			sourceTree = "<group>";
		};
		50AFF040274F79C50051E2DA /* Presenter */ = {
			isa = PBXGroup;
			children = (
				50A29C75273AAA540092CF45 /* DetailFavViewModel.swift */,
				50A29C77273AAA540092CF45 /* FavouriteViewModel.swift */,
			);
			path = Presenter;
			sourceTree = "<group>";
		};
		50AFF041274F79D50051E2DA /* Router */ = {
			isa = PBXGroup;
			children = (
				50A29C66273A0B460092CF45 /* FavouriteRouter.swift */,
				50A29C68273AA0A50092CF45 /* DetailFavouriteRouter.swift */,
			);
			path = Router;
			sourceTree = "<group>";
		};
		50AFF042274F79DE0051E2DA /* View */ = {
			isa = PBXGroup;
			children = (
				50AFF049274F7B2E0051E2DA /* CollectionView */,
				50C0DA8D26CBA79B00FB94A1 /* FavouriteViewController.swift */,
				50C0DA9926CBD86900FB94A1 /* DetailFavViewController.swift */,
			);
			path = View;
			sourceTree = "<group>";
		};
		50AFF043274F7A210051E2DA /* View */ = {
			isa = PBXGroup;
			children = (
				50AFF050274F933E0051E2DA /* CollectionView */,
				50D5DAD226C0DCD700499E56 /* SearchViewController.swift */,
			);
			path = View;
			sourceTree = "<group>";
		};
		50AFF044274F7A270051E2DA /* Presenter */ = {
			isa = PBXGroup;
			children = (
				50A29C71273AAA540092CF45 /* SearchViewModel.swift */,
			);
			path = Presenter;
			sourceTree = "<group>";
		};
		50AFF045274F7A370051E2DA /* Presenter */ = {
			isa = PBXGroup;
			children = (
				50A29C6F273AAA540092CF45 /* HomepageViewModel.swift */,
				50A29C7A273AAA540092CF45 /* DetailPageViewModel.swift */,
			);
			path = Presenter;
			sourceTree = "<group>";
		};
		50AFF046274F7A3F0051E2DA /* View */ = {
			isa = PBXGroup;
			children = (
				50AFF04A274F7B840051E2DA /* CollectionView */,
				50D5DA9E26BFFE0300499E56 /* ViewController.swift */,
				50D5DAD826C12CEF00499E56 /* DetailViewController.swift */,
			);
			path = View;
			sourceTree = "<group>";
		};
		50AFF047274F7A4B0051E2DA /* Router */ = {
			isa = PBXGroup;
			children = (
				50D99683273807D900E6C50A /* HomepageRouter.swift */,
			);
			path = Router;
			sourceTree = "<group>";
		};
		50AFF048274F7AEC0051E2DA /* Model */ = {
			isa = PBXGroup;
			children = (
				50A29C78273AAA540092CF45 /* FavouriteViewModelProtocol.swift */,
				50FEEB04273F6BF60041D532 /* FavouriteModelUI.swift */,
				50A29C74273AAA540092CF45 /* DetailFavViewModelProtocol.swift */,
				50FEEAFE273F68230041D532 /* DetailModelUI.swift */,
			);
			path = Model;
			sourceTree = "<group>";
		};
		50AFF049274F7B2E0051E2DA /* CollectionView */ = {
			isa = PBXGroup;
			children = (
				50C0DA9D26CBE08600FB94A1 /* AvailFavCollectionViewCell.swift */,
				50C0DA8F26CBA83200FB94A1 /* FavouriteCollectionViewCell.swift */,
			);
			path = CollectionView;
			sourceTree = "<group>";
		};
		50AFF04A274F7B840051E2DA /* CollectionView */ = {
			isa = PBXGroup;
			children = (
				50D5DADD26C17E6300499E56 /* AvailableOnCollectionViewCell.swift */,
				50D5DADA26C1442100499E56 /* ScreenshotCollectionViewCell.swift */,
				50D5DAC926C00C1C00499E56 /* HomepageCollectionViewCell.swift */,
			);
			path = CollectionView;
			sourceTree = "<group>";
		};
		50AFF04B274F7E540051E2DA /* Model */ = {
			isa = PBXGroup;
			children = (
				50FEEB06273F6DA80041D532 /* GameModelUI.swift */,
				50A29C7B273AAA540092CF45 /* DetailPageViewModelProtocol.swift */,
				50A29C6E273AAA540092CF45 /* HomePageViewModelProtocol.swift */,
			);
			path = Model;
			sourceTree = "<group>";
		};
		50AFF04C274F7F170051E2DA /* Model */ = {
			isa = PBXGroup;
			children = (
				50A29C72273AAA540092CF45 /* SearchViewModelProtocol.swift */,
				50AFF04E274F8E790051E2DA /* SearchModelUI.swift */,
			);
			path = Model;
			sourceTree = "<group>";
		};
		50AFF04D274F7FED0051E2DA /* Router */ = {
			isa = PBXGroup;
			children = (
				50A29C6A273AA4270092CF45 /* SearchViewRouter.swift */,
			);
			path = Router;
			sourceTree = "<group>";
		};
		50AFF050274F933E0051E2DA /* CollectionView */ = {
			isa = PBXGroup;
			children = (
				50D5DAD626C0F2E000499E56 /* SearchCollectionViewCell.swift */,
			);
			path = CollectionView;
			sourceTree = "<group>";
		};
		50AFF051274F95DD0051E2DA /* Profile */ = {
			isa = PBXGroup;
			children = (
				50AFF052274F95E70051E2DA /* View */,
			);
			path = Profile;
			sourceTree = "<group>";
		};
		50AFF052274F95E70051E2DA /* View */ = {
			isa = PBXGroup;
			children = (
				50D5DACE26C0C9D900499E56 /* ProfilViewController.swift */,
			);
			path = View;
			sourceTree = "<group>";
		};
		50D5DA8E26BFFE0300499E56 = {
			isa = PBXGroup;
			children = (
				5024F495274A5B6C007B1B97 /* .swiflint.yml */,
				50D5DA9926BFFE0300499E56 /* DicodingCatalogGame */,
				50D5DABF26C005CA00499E56 /* DicodingCatalogGameTests */,
				50D5DA9826BFFE0300499E56 /* Products */,
			);
			sourceTree = "<group>";
		};
		50D5DA9826BFFE0300499E56 /* Products */ = {
			isa = PBXGroup;
			children = (
				50D5DA9726BFFE0300499E56 /* DicodingCatalogGame.app */,
				50D5DABE26C005CA00499E56 /* DicodingCatalogGameTests.xctest */,
			);
			name = Products;
			sourceTree = "<group>";
		};
		50D5DA9926BFFE0300499E56 /* DicodingCatalogGame */ = {
			isa = PBXGroup;
			children = (
				50AFF03D274F79310051E2DA /* Module */,
				50AFF03B274F72C40051E2DA /* Core */,
				50D5DA9A26BFFE0300499E56 /* AppDelegate.swift */,
				50D5DA9C26BFFE0300499E56 /* SceneDelegate.swift */,
				50D5DAA026BFFE0300499E56 /* Main.storyboard */,
				50D5DAA326BFFE0500499E56 /* Assets.xcassets */,
				50D5DAA526BFFE0500499E56 /* LaunchScreen.storyboard */,
				50D5DAA826BFFE0500499E56 /* Info.plist */,
				50C0DA8426CBA4E100FB94A1 /* Game.xcdatamodeld */,
			);
			path = DicodingCatalogGame;
			sourceTree = "<group>";
		};
		50D5DAAE26BFFEAC00499E56 /* Service */ = {
			isa = PBXGroup;
			children = (
				50D5DAB626C0000000499E56 /* GameApiFetch.swift */,
				50C0DA8B26CBA6F300FB94A1 /* CoreDataService.swift */,
				50C0DA9526CBCA0700FB94A1 /* SearchService.swift */,
			);
			path = Service;
			sourceTree = "<group>";
		};
		50D5DAAF26BFFEB300499E56 /* Model */ = {
			isa = PBXGroup;
			children = (
				5043B0662728F0F50024AB57 /* Protocol */,
				50D5DAB126BFFF2B00499E56 /* GameModel.swift */,
				50D5DAB826C0001700499E56 /* Constant.swift */,
				50C0DA9126CBAC1C00FB94A1 /* FavouriteModel.swift */,
				50C0DA9726CBD78C00FB94A1 /* DetailModel.swift */,
			);
			path = Model;
			sourceTree = "<group>";
		};
		50D5DABF26C005CA00499E56 /* DicodingCatalogGameTests */ = {
			isa = PBXGroup;
			children = (
				50D5DAC026C005CA00499E56 /* DicodingCatalogGameTests.swift */,
				50D5DAC226C005CA00499E56 /* Info.plist */,
			);
			path = DicodingCatalogGameTests;
			sourceTree = "<group>";
		};
		50FEEAEE273F5F7A0041D532 /* InteractorModel */ = {
			isa = PBXGroup;
			children = (
				50FEEAEF273F5F8E0041D532 /* GameModelInteractor.swift */,
				50FEEAF4273F63520041D532 /* FavouriteModelInteractor.swift */,
				50FEEAF8273F64D70041D532 /* DetailModelInteractor.swift */,
			);
			path = InteractorModel;
			sourceTree = "<group>";
		};
		50FEEAF1273F5FE00041D532 /* Mapper */ = {
			isa = PBXGroup;
			children = (
				50FEEAF2273F5FF20041D532 /* GameModelMapper.swift */,
				50FEEAF6273F636C0041D532 /* FavouriteModelMapper.swift */,
				50FEEAFA273F64F60041D532 /* DetailModelMapper.swift */,
				50FEEB02273F6A2D0041D532 /* ResultModelMapper.swift */,
			);
			path = Mapper;
			sourceTree = "<group>";
		};
/* End PBXGroup section */

/* Begin PBXNativeTarget section */
		50D5DA9626BFFE0300499E56 /* DicodingCatalogGame */ = {
			isa = PBXNativeTarget;
			buildConfigurationList = 50D5DAAB26BFFE0500499E56 /* Build configuration list for PBXNativeTarget "DicodingCatalogGame" */;
			buildPhases = (
				50D5DA9326BFFE0300499E56 /* Sources */,
				50D5DA9426BFFE0300499E56 /* Frameworks */,
				50D5DA9526BFFE0300499E56 /* Resources */,
				50D5DAB326BFFF9300499E56 /* ShellScript */,
			);
			buildRules = (
			);
			dependencies = (
			);
			name = DicodingCatalogGame;
			packageProductDependencies = (
				50D5DACC26C00FCA00499E56 /* AlamofireImage */,
				50D9967D2737F3BA00E6C50A /* Swinject */,
				50D996802737F49900E6C50A /* SwinjectStoryboard */,
			);
			productName = DicodingCatalogGame;
			productReference = 50D5DA9726BFFE0300499E56 /* DicodingCatalogGame.app */;
			productType = "com.apple.product-type.application";
		};
		50D5DABD26C005CA00499E56 /* DicodingCatalogGameTests */ = {
			isa = PBXNativeTarget;
			buildConfigurationList = 50D5DAC526C005CA00499E56 /* Build configuration list for PBXNativeTarget "DicodingCatalogGameTests" */;
			buildPhases = (
				50D5DABA26C005CA00499E56 /* Sources */,
				50D5DABB26C005CA00499E56 /* Frameworks */,
				50D5DABC26C005CA00499E56 /* Resources */,
			);
			buildRules = (
			);
			dependencies = (
				50D5DAC426C005CA00499E56 /* PBXTargetDependency */,
			);
			name = DicodingCatalogGameTests;
			productName = DicodingCatalogGameTests;
			productReference = 50D5DABE26C005CA00499E56 /* DicodingCatalogGameTests.xctest */;
			productType = "com.apple.product-type.bundle.unit-test";
		};
/* End PBXNativeTarget section */

/* Begin PBXProject section */
		50D5DA8F26BFFE0300499E56 /* Project object */ = {
			isa = PBXProject;
			attributes = {
				LastSwiftUpdateCheck = 1250;
				LastUpgradeCheck = 1250;
				TargetAttributes = {
					50D5DA9626BFFE0300499E56 = {
						CreatedOnToolsVersion = 12.5.1;
					};
					50D5DABD26C005CA00499E56 = {
						CreatedOnToolsVersion = 12.5.1;
						TestTargetID = 50D5DA9626BFFE0300499E56;
					};
				};
			};
			buildConfigurationList = 50D5DA9226BFFE0300499E56 /* Build configuration list for PBXProject "DicodingCatalogGame" */;
			compatibilityVersion = "Xcode 9.3";
			developmentRegion = en;
			hasScannedForEncodings = 0;
			knownRegions = (
				en,
				Base,
			);
			mainGroup = 50D5DA8E26BFFE0300499E56;
			packageReferences = (
				50D5DACB26C00FCA00499E56 /* XCRemoteSwiftPackageReference "AlamofireImage" */,
				50D9967C2737F3BA00E6C50A /* XCRemoteSwiftPackageReference "Swinject" */,
				50D9967F2737F49900E6C50A /* XCRemoteSwiftPackageReference "SwinjectStoryboard" */,
			);
			productRefGroup = 50D5DA9826BFFE0300499E56 /* Products */;
			projectDirPath = "";
			projectRoot = "";
			targets = (
				50D5DA9626BFFE0300499E56 /* DicodingCatalogGame */,
				50D5DABD26C005CA00499E56 /* DicodingCatalogGameTests */,
			);
		};
/* End PBXProject section */

/* Begin PBXResourcesBuildPhase section */
		50D5DA9526BFFE0300499E56 /* Resources */ = {
			isa = PBXResourcesBuildPhase;
			buildActionMask = 2147483647;
			files = (
				50D5DAA726BFFE0500499E56 /* LaunchScreen.storyboard in Resources */,
				50D5DAA426BFFE0500499E56 /* Assets.xcassets in Resources */,
				50D5DAA226BFFE0300499E56 /* Main.storyboard in Resources */,
				5024F496274A5B6C007B1B97 /* .swiflint.yml in Resources */,
			);
			runOnlyForDeploymentPostprocessing = 0;
		};
		50D5DABC26C005CA00499E56 /* Resources */ = {
			isa = PBXResourcesBuildPhase;
			buildActionMask = 2147483647;
			files = (
			);
			runOnlyForDeploymentPostprocessing = 0;
		};
/* End PBXResourcesBuildPhase section */

/* Begin PBXShellScriptBuildPhase section */
		50D5DAB326BFFF9300499E56 /* ShellScript */ = {
			isa = PBXShellScriptBuildPhase;
			buildActionMask = 2147483647;
			files = (
			);
			inputFileListPaths = (
			);
			inputPaths = (
			);
			outputFileListPaths = (
			);
			outputPaths = (
			);
			runOnlyForDeploymentPostprocessing = 0;
			shellPath = /bin/sh;
			shellScript = "# Type a script or drag a script file from your workspace to insert its path.\nif which swiftlint >/dev/null; then\n  swiftlint\nelse\n  echo \"warning: SwiftLint not installed, download from https://github.com/realm/SwiftLint\"\nfi\n";
		};
/* End PBXShellScriptBuildPhase section */

/* Begin PBXSourcesBuildPhase section */
		50D5DA9326BFFE0300499E56 /* Sources */ = {
			isa = PBXSourcesBuildPhase;
			buildActionMask = 2147483647;
			files = (
				50A29C6B273AA4270092CF45 /* SearchViewRouter.swift in Sources */,
				503B1F30272E39CF00A5D37F /* SearchInteractor.swift in Sources */,
				50A29C83273AAA540092CF45 /* FavouriteViewModelProtocol.swift in Sources */,
				50C0DA9E26CBE08600FB94A1 /* AvailFavCollectionViewCell.swift in Sources */,
				50D5DAD926C12CEF00499E56 /* DetailViewController.swift in Sources */,
				50C0DA9626CBCA0700FB94A1 /* SearchService.swift in Sources */,
				50D5DAD326C0DCD700499E56 /* SearchViewController.swift in Sources */,
				50D99684273807D900E6C50A /* HomepageRouter.swift in Sources */,
				503B1F37272E3EB700A5D37F /* DetailPageInteractorProtocol.swift in Sources */,
				50D5DACF26C0C9D900499E56 /* ProfilViewController.swift in Sources */,
				50C0DA8626CBA4E100FB94A1 /* Game.xcdatamodeld in Sources */,
				50FEEB07273F6DA80041D532 /* GameModelUI.swift in Sources */,
				50C0DA8E26CBA79B00FB94A1 /* FavouriteViewController.swift in Sources */,
				50FEEAF5273F63520041D532 /* FavouriteModelInteractor.swift in Sources */,
				50FEEB05273F6BF60041D532 /* FavouriteModelUI.swift in Sources */,
				5043B06E2728FBA30024AB57 /* LocalRepoProtocol.swift in Sources */,
				50D5DAD726C0F2E000499E56 /* SearchCollectionViewCell.swift in Sources */,
				503B1F28272E2E9500A5D37F /* HomepageInteractor.swift in Sources */,
				503B1F3B272E3EEE00A5D37F /* FavouriteInteactorProtocol.swift in Sources */,
				50C0DA9026CBA83200FB94A1 /* FavouriteCollectionViewCell.swift in Sources */,
				50D5DADB26C1442100499E56 /* ScreenshotCollectionViewCell.swift in Sources */,
				50A29C69273AA0A50092CF45 /* DetailFavouriteRouter.swift in Sources */,
				50FEEB01273F69E40041D532 /* ResultModelUi.swift in Sources */,
				503B1F3D272E3F0B00A5D37F /* DetailFavInteractorProtocol.swift in Sources */,
				50D5DA9F26BFFE0300499E56 /* ViewController.swift in Sources */,
				50FEEAF7273F636C0041D532 /* FavouriteModelMapper.swift in Sources */,
				50A29C82273AAA540092CF45 /* FavouriteViewModel.swift in Sources */,
				50A29C81273AAA540092CF45 /* DetailFavViewModel.swift in Sources */,
				50D5DAB226BFFF2B00499E56 /* GameModel.swift in Sources */,
				503B1F2E272E378300A5D37F /* FavouriteInteractor.swift in Sources */,
				50A29C7E273AAA540092CF45 /* SearchViewModel.swift in Sources */,
				50D5DADE26C17E6300499E56 /* AvailableOnCollectionViewCell.swift in Sources */,
				503B1F25272E2D5F00A5D37F /* DependencyInjection.swift in Sources */,
				50A29C67273A0B460092CF45 /* FavouriteRouter.swift in Sources */,
				5043B06C2728FB7A0024AB57 /* GameProtocol.swift in Sources */,
				50D5DA9B26BFFE0300499E56 /* AppDelegate.swift in Sources */,
				50D5DAB726C0000000499E56 /* GameApiFetch.swift in Sources */,
				50C0DA9226CBAC1C00FB94A1 /* FavouriteModel.swift in Sources */,
				50FEEAFB273F64F60041D532 /* DetailModelMapper.swift in Sources */,
				50C0DA8C26CBA6F300FB94A1 /* CoreDataService.swift in Sources */,
				50FEEAF0273F5F8E0041D532 /* GameModelInteractor.swift in Sources */,
				50FEEAF9273F64D70041D532 /* DetailModelInteractor.swift in Sources */,
				50C0DA9A26CBD86900FB94A1 /* DetailFavViewController.swift in Sources */,
				50FEEAF3273F5FF20041D532 /* GameModelMapper.swift in Sources */,
				503B1F39272E3ED100A5D37F /* SearchInteractorProtocol.swift in Sources */,
				50FEEAFF273F68230041D532 /* DetailModelUI.swift in Sources */,
				50D5DA9D26BFFE0300499E56 /* SceneDelegate.swift in Sources */,
				50D5DAD126C0CC3E00499E56 /* GithubViewController.swift in Sources */,
				503B1F3F272E3F3200A5D37F /* HomePageInteractorProtocol.swift in Sources */,
				50D5DACA26C00C1C00499E56 /* HomepageCollectionViewCell.swift in Sources */,
				50A29C84273AAA540092CF45 /* DetailPageViewModel.swift in Sources */,
				50AFF04F274F8E790051E2DA /* SearchModelUI.swift in Sources */,
				50A29C85273AAA540092CF45 /* DetailPageViewModelProtocol.swift in Sources */,
				50A29C7C273AAA540092CF45 /* HomePageViewModelProtocol.swift in Sources */,
				50FEEB03273F6A2D0041D532 /* ResultModelMapper.swift in Sources */,
				503B1F2C272E34F800A5D37F /* DetailPageInteractor.swift in Sources */,
				5043B0682728F1040024AB57 /* SearchProtocol.swift in Sources */,
				50A29C80273AAA540092CF45 /* DetailFavViewModelProtocol.swift in Sources */,
				50A29C7D273AAA540092CF45 /* HomepageViewModel.swift in Sources */,
				50C0DA9826CBD78C00FB94A1 /* DetailModel.swift in Sources */,
				50A29C7F273AAA540092CF45 /* SearchViewModelProtocol.swift in Sources */,
				50D5DAB926C0001700499E56 /* Constant.swift in Sources */,
				503B1F2A272E32BD00A5D37F /* DetailFavInteractor.swift in Sources */,
			);
			runOnlyForDeploymentPostprocessing = 0;
		};
		50D5DABA26C005CA00499E56 /* Sources */ = {
			isa = PBXSourcesBuildPhase;
			buildActionMask = 2147483647;
			files = (
				50D5DAC126C005CA00499E56 /* DicodingCatalogGameTests.swift in Sources */,
			);
			runOnlyForDeploymentPostprocessing = 0;
		};
/* End PBXSourcesBuildPhase section */

/* Begin PBXTargetDependency section */
		50D5DAC426C005CA00499E56 /* PBXTargetDependency */ = {
			isa = PBXTargetDependency;
			target = 50D5DA9626BFFE0300499E56 /* DicodingCatalogGame */;
			targetProxy = 50D5DAC326C005CA00499E56 /* PBXContainerItemProxy */;
		};
/* End PBXTargetDependency section */

/* Begin PBXVariantGroup section */
		50D5DAA026BFFE0300499E56 /* Main.storyboard */ = {
			isa = PBXVariantGroup;
			children = (
				50D5DAA126BFFE0300499E56 /* Base */,
			);
			name = Main.storyboard;
			sourceTree = "<group>";
		};
		50D5DAA526BFFE0500499E56 /* LaunchScreen.storyboard */ = {
			isa = PBXVariantGroup;
			children = (
				50D5DAA626BFFE0500499E56 /* Base */,
			);
			name = LaunchScreen.storyboard;
			sourceTree = "<group>";
		};
/* End PBXVariantGroup section */

/* Begin XCBuildConfiguration section */
		50D5DAA926BFFE0500499E56 /* Debug */ = {
			isa = XCBuildConfiguration;
			buildSettings = {
				ALWAYS_SEARCH_USER_PATHS = NO;
				CLANG_ANALYZER_NONNULL = YES;
				CLANG_ANALYZER_NUMBER_OBJECT_CONVERSION = YES_AGGRESSIVE;
				CLANG_CXX_LANGUAGE_STANDARD = "gnu++14";
				CLANG_CXX_LIBRARY = "libc++";
				CLANG_ENABLE_MODULES = YES;
				CLANG_ENABLE_OBJC_ARC = YES;
				CLANG_ENABLE_OBJC_WEAK = YES;
				CLANG_WARN_BLOCK_CAPTURE_AUTORELEASING = YES;
				CLANG_WARN_BOOL_CONVERSION = YES;
				CLANG_WARN_COMMA = YES;
				CLANG_WARN_CONSTANT_CONVERSION = YES;
				CLANG_WARN_DEPRECATED_OBJC_IMPLEMENTATIONS = YES;
				CLANG_WARN_DIRECT_OBJC_ISA_USAGE = YES_ERROR;
				CLANG_WARN_DOCUMENTATION_COMMENTS = YES;
				CLANG_WARN_EMPTY_BODY = YES;
				CLANG_WARN_ENUM_CONVERSION = YES;
				CLANG_WARN_INFINITE_RECURSION = YES;
				CLANG_WARN_INT_CONVERSION = YES;
				CLANG_WARN_NON_LITERAL_NULL_CONVERSION = YES;
				CLANG_WARN_OBJC_IMPLICIT_RETAIN_SELF = YES;
				CLANG_WARN_OBJC_LITERAL_CONVERSION = YES;
				CLANG_WARN_OBJC_ROOT_CLASS = YES_ERROR;
				CLANG_WARN_QUOTED_INCLUDE_IN_FRAMEWORK_HEADER = YES;
				CLANG_WARN_RANGE_LOOP_ANALYSIS = YES;
				CLANG_WARN_STRICT_PROTOTYPES = YES;
				CLANG_WARN_SUSPICIOUS_MOVE = YES;
				CLANG_WARN_UNGUARDED_AVAILABILITY = YES_AGGRESSIVE;
				CLANG_WARN_UNREACHABLE_CODE = YES;
				CLANG_WARN__DUPLICATE_METHOD_MATCH = YES;
				COPY_PHASE_STRIP = NO;
				DEBUG_INFORMATION_FORMAT = dwarf;
				ENABLE_STRICT_OBJC_MSGSEND = YES;
				ENABLE_TESTABILITY = YES;
				GCC_C_LANGUAGE_STANDARD = gnu11;
				GCC_DYNAMIC_NO_PIC = NO;
				GCC_NO_COMMON_BLOCKS = YES;
				GCC_OPTIMIZATION_LEVEL = 0;
				GCC_PREPROCESSOR_DEFINITIONS = (
					"DEBUG=1",
					"$(inherited)",
				);
				GCC_WARN_64_TO_32_BIT_CONVERSION = YES;
				GCC_WARN_ABOUT_RETURN_TYPE = YES_ERROR;
				GCC_WARN_UNDECLARED_SELECTOR = YES;
				GCC_WARN_UNINITIALIZED_AUTOS = YES_AGGRESSIVE;
				GCC_WARN_UNUSED_FUNCTION = YES;
				GCC_WARN_UNUSED_VARIABLE = YES;
				IPHONEOS_DEPLOYMENT_TARGET = 14.5;
				MTL_ENABLE_DEBUG_INFO = INCLUDE_SOURCE;
				MTL_FAST_MATH = YES;
				ONLY_ACTIVE_ARCH = YES;
				SDKROOT = iphoneos;
				SWIFT_ACTIVE_COMPILATION_CONDITIONS = DEBUG;
				SWIFT_OPTIMIZATION_LEVEL = "-Onone";
			};
			name = Debug;
		};
		50D5DAAA26BFFE0500499E56 /* Release */ = {
			isa = XCBuildConfiguration;
			buildSettings = {
				ALWAYS_SEARCH_USER_PATHS = NO;
				CLANG_ANALYZER_NONNULL = YES;
				CLANG_ANALYZER_NUMBER_OBJECT_CONVERSION = YES_AGGRESSIVE;
				CLANG_CXX_LANGUAGE_STANDARD = "gnu++14";
				CLANG_CXX_LIBRARY = "libc++";
				CLANG_ENABLE_MODULES = YES;
				CLANG_ENABLE_OBJC_ARC = YES;
				CLANG_ENABLE_OBJC_WEAK = YES;
				CLANG_WARN_BLOCK_CAPTURE_AUTORELEASING = YES;
				CLANG_WARN_BOOL_CONVERSION = YES;
				CLANG_WARN_COMMA = YES;
				CLANG_WARN_CONSTANT_CONVERSION = YES;
				CLANG_WARN_DEPRECATED_OBJC_IMPLEMENTATIONS = YES;
				CLANG_WARN_DIRECT_OBJC_ISA_USAGE = YES_ERROR;
				CLANG_WARN_DOCUMENTATION_COMMENTS = YES;
				CLANG_WARN_EMPTY_BODY = YES;
				CLANG_WARN_ENUM_CONVERSION = YES;
				CLANG_WARN_INFINITE_RECURSION = YES;
				CLANG_WARN_INT_CONVERSION = YES;
				CLANG_WARN_NON_LITERAL_NULL_CONVERSION = YES;
				CLANG_WARN_OBJC_IMPLICIT_RETAIN_SELF = YES;
				CLANG_WARN_OBJC_LITERAL_CONVERSION = YES;
				CLANG_WARN_OBJC_ROOT_CLASS = YES_ERROR;
				CLANG_WARN_QUOTED_INCLUDE_IN_FRAMEWORK_HEADER = YES;
				CLANG_WARN_RANGE_LOOP_ANALYSIS = YES;
				CLANG_WARN_STRICT_PROTOTYPES = YES;
				CLANG_WARN_SUSPICIOUS_MOVE = YES;
				CLANG_WARN_UNGUARDED_AVAILABILITY = YES_AGGRESSIVE;
				CLANG_WARN_UNREACHABLE_CODE = YES;
				CLANG_WARN__DUPLICATE_METHOD_MATCH = YES;
				COPY_PHASE_STRIP = NO;
				DEBUG_INFORMATION_FORMAT = "dwarf-with-dsym";
				ENABLE_NS_ASSERTIONS = NO;
				ENABLE_STRICT_OBJC_MSGSEND = YES;
				GCC_C_LANGUAGE_STANDARD = gnu11;
				GCC_NO_COMMON_BLOCKS = YES;
				GCC_WARN_64_TO_32_BIT_CONVERSION = YES;
				GCC_WARN_ABOUT_RETURN_TYPE = YES_ERROR;
				GCC_WARN_UNDECLARED_SELECTOR = YES;
				GCC_WARN_UNINITIALIZED_AUTOS = YES_AGGRESSIVE;
				GCC_WARN_UNUSED_FUNCTION = YES;
				GCC_WARN_UNUSED_VARIABLE = YES;
				IPHONEOS_DEPLOYMENT_TARGET = 14.5;
				MTL_ENABLE_DEBUG_INFO = NO;
				MTL_FAST_MATH = YES;
				SDKROOT = iphoneos;
				SWIFT_COMPILATION_MODE = wholemodule;
				SWIFT_OPTIMIZATION_LEVEL = "-O";
				VALIDATE_PRODUCT = YES;
			};
			name = Release;
		};
		50D5DAAC26BFFE0500499E56 /* Debug */ = {
			isa = XCBuildConfiguration;
			buildSettings = {
				ASSETCATALOG_COMPILER_APPICON_NAME = AppIcon;
				ASSETCATALOG_COMPILER_GLOBAL_ACCENT_COLOR_NAME = AccentColor;
				CODE_SIGN_STYLE = Automatic;
				DEVELOPMENT_TEAM = GSM7T3YNKT;
				INFOPLIST_FILE = DicodingCatalogGame/Info.plist;
				LD_RUNPATH_SEARCH_PATHS = (
					"$(inherited)",
					"@executable_path/Frameworks",
				);
				PRODUCT_BUNDLE_IDENTIFIER = bevan.DicodingCatalogGame;
				PRODUCT_NAME = "$(TARGET_NAME)";
				SWIFT_VERSION = 5.0;
				TARGETED_DEVICE_FAMILY = 1;
			};
			name = Debug;
		};
		50D5DAAD26BFFE0500499E56 /* Release */ = {
			isa = XCBuildConfiguration;
			buildSettings = {
				ASSETCATALOG_COMPILER_APPICON_NAME = AppIcon;
				ASSETCATALOG_COMPILER_GLOBAL_ACCENT_COLOR_NAME = AccentColor;
				CODE_SIGN_STYLE = Automatic;
				DEVELOPMENT_TEAM = GSM7T3YNKT;
				INFOPLIST_FILE = DicodingCatalogGame/Info.plist;
				LD_RUNPATH_SEARCH_PATHS = (
					"$(inherited)",
					"@executable_path/Frameworks",
				);
				PRODUCT_BUNDLE_IDENTIFIER = bevan.DicodingCatalogGame;
				PRODUCT_NAME = "$(TARGET_NAME)";
				SWIFT_VERSION = 5.0;
				TARGETED_DEVICE_FAMILY = 1;
			};
			name = Release;
		};
		50D5DAC626C005CA00499E56 /* Debug */ = {
			isa = XCBuildConfiguration;
			buildSettings = {
				BUNDLE_LOADER = "$(TEST_HOST)";
				CODE_SIGN_STYLE = Automatic;
				DEVELOPMENT_TEAM = GSM7T3YNKT;
				INFOPLIST_FILE = DicodingCatalogGameTests/Info.plist;
				LD_RUNPATH_SEARCH_PATHS = (
					"$(inherited)",
					"@executable_path/Frameworks",
					"@loader_path/Frameworks",
				);
				PRODUCT_BUNDLE_IDENTIFIER = bevan.DicodingCatalogGameTests;
				PRODUCT_NAME = "$(TARGET_NAME)";
				SWIFT_VERSION = 5.0;
				TARGETED_DEVICE_FAMILY = "1,2";
				TEST_HOST = "$(BUILT_PRODUCTS_DIR)/DicodingCatalogGame.app/DicodingCatalogGame";
			};
			name = Debug;
		};
		50D5DAC726C005CA00499E56 /* Release */ = {
			isa = XCBuildConfiguration;
			buildSettings = {
				BUNDLE_LOADER = "$(TEST_HOST)";
				CODE_SIGN_STYLE = Automatic;
				DEVELOPMENT_TEAM = GSM7T3YNKT;
				INFOPLIST_FILE = DicodingCatalogGameTests/Info.plist;
				LD_RUNPATH_SEARCH_PATHS = (
					"$(inherited)",
					"@executable_path/Frameworks",
					"@loader_path/Frameworks",
				);
				PRODUCT_BUNDLE_IDENTIFIER = bevan.DicodingCatalogGameTests;
				PRODUCT_NAME = "$(TARGET_NAME)";
				SWIFT_VERSION = 5.0;
				TARGETED_DEVICE_FAMILY = "1,2";
				TEST_HOST = "$(BUILT_PRODUCTS_DIR)/DicodingCatalogGame.app/DicodingCatalogGame";
			};
			name = Release;
		};
/* End XCBuildConfiguration section */

/* Begin XCConfigurationList section */
		50D5DA9226BFFE0300499E56 /* Build configuration list for PBXProject "DicodingCatalogGame" */ = {
			isa = XCConfigurationList;
			buildConfigurations = (
				50D5DAA926BFFE0500499E56 /* Debug */,
				50D5DAAA26BFFE0500499E56 /* Release */,
			);
			defaultConfigurationIsVisible = 0;
			defaultConfigurationName = Release;
		};
		50D5DAAB26BFFE0500499E56 /* Build configuration list for PBXNativeTarget "DicodingCatalogGame" */ = {
			isa = XCConfigurationList;
			buildConfigurations = (
				50D5DAAC26BFFE0500499E56 /* Debug */,
				50D5DAAD26BFFE0500499E56 /* Release */,
			);
			defaultConfigurationIsVisible = 0;
			defaultConfigurationName = Release;
		};
		50D5DAC526C005CA00499E56 /* Build configuration list for PBXNativeTarget "DicodingCatalogGameTests" */ = {
			isa = XCConfigurationList;
			buildConfigurations = (
				50D5DAC626C005CA00499E56 /* Debug */,
				50D5DAC726C005CA00499E56 /* Release */,
			);
			defaultConfigurationIsVisible = 0;
			defaultConfigurationName = Release;
		};
/* End XCConfigurationList section */

/* Begin XCRemoteSwiftPackageReference section */
		50D5DACB26C00FCA00499E56 /* XCRemoteSwiftPackageReference "AlamofireImage" */ = {
			isa = XCRemoteSwiftPackageReference;
			repositoryURL = "https://github.com/Alamofire/AlamofireImage.git";
			requirement = {
				kind = upToNextMajorVersion;
				minimumVersion = 4.2.0;
			};
		};
		50D9967C2737F3BA00E6C50A /* XCRemoteSwiftPackageReference "Swinject" */ = {
			isa = XCRemoteSwiftPackageReference;
			repositoryURL = "https://github.com/Swinject/Swinject.git";
			requirement = {
				branch = master;
				kind = branch;
			};
		};
		50D9967F2737F49900E6C50A /* XCRemoteSwiftPackageReference "SwinjectStoryboard" */ = {
			isa = XCRemoteSwiftPackageReference;
			repositoryURL = "https://github.com/Swinject/SwinjectStoryboard";
			requirement = {
				kind = upToNextMajorVersion;
				minimumVersion = 2.0.0;
			};
		};
/* End XCRemoteSwiftPackageReference section */

/* Begin XCSwiftPackageProductDependency section */
		50D5DACC26C00FCA00499E56 /* AlamofireImage */ = {
			isa = XCSwiftPackageProductDependency;
			package = 50D5DACB26C00FCA00499E56 /* XCRemoteSwiftPackageReference "AlamofireImage" */;
			productName = AlamofireImage;
		};
		50D9967D2737F3BA00E6C50A /* Swinject */ = {
			isa = XCSwiftPackageProductDependency;
			package = 50D9967C2737F3BA00E6C50A /* XCRemoteSwiftPackageReference "Swinject" */;
			productName = Swinject;
		};
		50D996802737F49900E6C50A /* SwinjectStoryboard */ = {
			isa = XCSwiftPackageProductDependency;
			package = 50D9967F2737F49900E6C50A /* XCRemoteSwiftPackageReference "SwinjectStoryboard" */;
			productName = SwinjectStoryboard;
		};
/* End XCSwiftPackageProductDependency section */

/* Begin XCVersionGroup section */
		50C0DA8426CBA4E100FB94A1 /* Game.xcdatamodeld */ = {
			isa = XCVersionGroup;
			children = (
				50C0DA8526CBA4E100FB94A1 /* Game.xcdatamodel */,
			);
			currentVersion = 50C0DA8526CBA4E100FB94A1 /* Game.xcdatamodel */;
			path = Game.xcdatamodeld;
			sourceTree = "<group>";
			versionGroupType = wrapper.xcdatamodel;
		};
/* End XCVersionGroup section */
	};
	rootObject = 50D5DA8F26BFFE0300499E56 /* Project object */;
}
